
Microsoft Visual Studio Solution File, Format Version 12.00
# Visual Studio Version 17
VisualStudioVersion = 17.0.31903.59
MinimumVisualStudioVersion = 10.0.40219.1
Project("{FAE04EC0-301F-11D3-BF4B-00C04F79EFBC}") = "ScanLinkPrinter.Protocol", "ScanLinkPrinter.Protocol\ScanLinkPrinter.Protocol.csproj", "{B6B09774-3F29-4756-8DB2-B445B7716F22}"
EndProject
Project("{FAE04EC0-301F-11D3-BF4B-00C04F79EFBC}") = "ScanLinkPrinter.Argox", "ScanLinkPrinter.Argox\ScanLinkPrinter.Argox.csproj", "{6E7A3F6A-7FF1-4D9D-BD53-6A0435D7DA82}"
EndProject
Project("{FAE04EC0-301F-11D3-BF4B-00C04F79EFBC}") = "ScanLinkPrinter.ArgoxWorker", "ScanLinkPrinter.ArgoxWorker\ScanLinkPrinter.ArgoxWorker.csproj", "{6B738305-B04A-4F12-ADF1-7E8E782A887F}"
EndProject
Project("{FAE04EC0-301F-11D3-BF4B-00C04F79EFBC}") = "ScanLink", "ScanLink\ScanLink.csproj", "{E8E1C6C9-5C6A-47C7-9D9D-7C3E1E7C2A11}"
EndProject
Global
	GlobalSection(SolutionConfigurationPlatforms) = preSolution
		Debug|Any CPU = Debug|Any CPU
		Debug|x64 = Debug|x64
		Debug|x86 = Debug|x86
		Release|Any CPU = Release|Any CPU
		Release|x64 = Release|x64
		Release|x86 = Release|x86
	EndGlobalSection
	GlobalSection(ProjectConfigurationPlatforms) = postSolution
		{B6B09774-3F29-4756-8DB2-B445B7716F22}.Debug|Any CPU.ActiveCfg = Debug|Any CPU
		{B6B09774-3F29-4756-8DB2-B445B7716F22}.Debug|Any CPU.Build.0 = Debug|Any CPU
		{B6B09774-3F29-4756-8DB2-B445B7716F22}.Debug|x64.ActiveCfg = Debug|Any CPU
		{B6B09774-3F29-4756-8DB2-B445B7716F22}.Debug|x64.Build.0 = Debug|Any CPU
		{B6B09774-3F29-4756-8DB2-B445B7716F22}.Debug|x86.ActiveCfg = Debug|Any CPU
		{B6B09774-3F29-4756-8DB2-B445B7716F22}.Debug|x86.Build.0 = Debug|Any CPU
		{B6B09774-3F29-4756-8DB2-B445B7716F22}.Release|Any CPU.ActiveCfg = Release|Any CPU
		{B6B09774-3F29-4756-8DB2-B445B7716F22}.Release|Any CPU.Build.0 = Release|Any CPU
		{B6B09774-3F29-4756-8DB2-B445B7716F22}.Release|x64.ActiveCfg = Release|Any CPU
		{B6B09774-3F29-4756-8DB2-B445B7716F22}.Release|x64.Build.0 = Release|Any CPU
		{B6B09774-3F29-4756-8DB2-B445B7716F22}.Release|x86.ActiveCfg = Release|Any CPU
		{B6B09774-3F29-4756-8DB2-B445B7716F22}.Release|x86.Build.0 = Release|Any CPU
		{6E7A3F6A-7FF1-4D9D-BD53-6A0435D7DA82}.Debug|Any CPU.ActiveCfg = Debug|Any CPU
		{6E7A3F6A-7FF1-4D9D-BD53-6A0435D7DA82}.Debug|Any CPU.Build.0 = Debug|Any CPU
		{6E7A3F6A-7FF1-4D9D-BD53-6A0435D7DA82}.Debug|x64.ActiveCfg = Debug|Any CPU
		{6E7A3F6A-7FF1-4D9D-BD53-6A0435D7DA82}.Debug|x64.Build.0 = Debug|Any CPU
		{6E7A3F6A-7FF1-4D9D-BD53-6A0435D7DA82}.Debug|x86.ActiveCfg = Debug|Any CPU
		{6E7A3F6A-7FF1-4D9D-BD53-6A0435D7DA82}.Debug|x86.Build.0 = Debug|Any CPU
		{6E7A3F6A-7FF1-4D9D-BD53-6A0435D7DA82}.Release|Any CPU.ActiveCfg = Release|Any CPU
		{6E7A3F6A-7FF1-4D9D-BD53-6A0435D7DA82}.Release|Any CPU.Build.0 = Release|Any CPU
		{6E7A3F6A-7FF1-4D9D-BD53-6A0435D7DA82}.Release|x64.ActiveCfg = Release|Any CPU
		{6E7A3F6A-7FF1-4D9D-BD53-6A0435D7DA82}.Release|x64.Build.0 = Release|Any CPU
		{6E7A3F6A-7FF1-4D9D-BD53-6A0435D7DA82}.Release|x86.ActiveCfg = Release|Any CPU
		{6E7A3F6A-7FF1-4D9D-BD53-6A0435D7DA82}.Release|x86.Build.0 = Release|Any CPU
		{6B738305-B04A-4F12-ADF1-7E8E782A887F}.Debug|Any CPU.ActiveCfg = Debug|Any CPU
		{6B738305-B04A-4F12-ADF1-7E8E782A887F}.Debug|Any CPU.Build.0 = Debug|Any CPU
		{6B738305-B04A-4F12-ADF1-7E8E782A887F}.Debug|x64.ActiveCfg = Debug|Any CPU
		{6B738305-B04A-4F12-ADF1-7E8E782A887F}.Debug|x64.Build.0 = Debug|Any CPU
		{6B738305-B04A-4F12-ADF1-7E8E782A887F}.Debug|x86.ActiveCfg = Debug|Any CPU
		{6B738305-B04A-4F12-ADF1-7E8E782A887F}.Debug|x86.Build.0 = Debug|Any CPU
		{6B738305-B04A-4F12-ADF1-7E8E782A887F}.Release|Any CPU.ActiveCfg = Release|Any CPU
		{6B738305-B04A-4F12-ADF1-7E8E782A887F}.Release|Any CPU.Build.0 = Release|Any CPU
		{6B738305-B04A-4F12-ADF1-7E8E782A887F}.Release|x64.ActiveCfg = Release|Any CPU
		{6B738305-B04A-4F12-ADF1-7E8E782A887F}.Release|x64.Build.0 = Release|Any CPU
		{6B738305-B04A-4F12-ADF1-7E8E782A887F}.Release|x86.ActiveCfg = Release|Any CPU
		{6B738305-B04A-4F12-ADF1-7E8E782A887F}.Release|x86.Build.0 = Release|Any CPU
		{E8E1C6C9-5C6A-47C7-9D9D-7C3E1E7C2A11}.Debug|Any CPU.ActiveCfg = Debug|Any CPU
		{E8E1C6C9-5C6A-47C7-9D9D-7C3E1E7C2A11}.Debug|Any CPU.Build.0 = Debug|Any CPU
		{E8E1C6C9-5C6A-47C7-9D9D-7C3E1E7C2A11}.Debug|x64.ActiveCfg = Debug|Any CPU
		{E8E1C6C9-5C6A-47C7-9D9D-7C3E1E7C2A11}.Debug|x64.Build.0 = Debug|Any CPU
		{E8E1C6C9-5C6A-47C7-9D9D-7C3E1E7C2A11}.Debug|x86.ActiveCfg = Debug|Any CPU
		{E8E1C6C9-5C6A-47C7-9D9D-7C3E1E7C2A11}.Debug|x86.Build.0 = Debug|Any CPU
		{E8E1C6C9-5C6A-47C7-9D9D-7C3E1E7C2A11}.Release|Any CPU.ActiveCfg = Release|Any CPU
		{E8E1C6C9-5C6A-47C7-9D9D-7C3E1E7C2A11}.Release|Any CPU.Build.0 = Release|Any CPU
		{E8E1C6C9-5C6A-47C7-9D9D-7C3E1E7C2A11}.Release|x64.ActiveCfg = Release|Any CPU
		{E8E1C6C9-5C6A-47C7-9D9D-7C3E1E7C2A11}.Release|x64.Build.0 = Release|Any CPU
		{E8E1C6C9-5C6A-47C7-9D9D-7C3E1E7C2A11}.Release|x86.ActiveCfg = Release|Any CPU
		{E8E1C6C9-5C6A-47C7-9D9D-7C3E1E7C2A11}.Release|x86.Build.0 = Release|Any CPU
	EndGlobalSection
	GlobalSection(SolutionProperties) = preSolution
		HideSolutionNode = FALSE
	EndGlobalSection
EndGlobal
